
Microsoft Visual Studio Solution File, Format Version 12.00
# Visual Studio Version 16
VisualStudioVersion = 16.0.809.3
MinimumVisualStudioVersion = 10.0.40219.1
Project("{FAE04EC0-301F-11D3-BF4B-00C04F79EFBC}") = "WhenCanILegallyBuyAlcohol.Android", "WhenCanILegallyBuyAlcohol.Android\WhenCanILegallyBuyAlcohol.Android.csproj", "{CA0E0E6B-FD6C-4055-9504-8C2E4530401E}"
EndProject
Project("{FAE04EC0-301F-11D3-BF4B-00C04F79EFBC}") = "WhenCanILegallyBuyAlcohol", "WhenCanILegallyBuyAlcohol\WhenCanILegallyBuyAlcohol.csproj", "{80CA1D73-0576-4744-B071-0EDDB07E3700}"
EndProject
Global
	GlobalSection(SolutionConfigurationPlatforms) = preSolution
		Debug|Any CPU = Debug|Any CPU
		Release|Any CPU = Release|Any CPU
	EndGlobalSection
	GlobalSection(ProjectConfigurationPlatforms) = postSolution
		{CA0E0E6B-FD6C-4055-9504-8C2E4530401E}.Debug|Any CPU.ActiveCfg = Debug|Any CPU
		{CA0E0E6B-FD6C-4055-9504-8C2E4530401E}.Debug|Any CPU.Build.0 = Debug|Any CPU
		{CA0E0E6B-FD6C-4055-9504-8C2E4530401E}.Release|Any CPU.ActiveCfg = Release|Any CPU
		{CA0E0E6B-FD6C-4055-9504-8C2E4530401E}.Release|Any CPU.Build.0 = Release|Any CPU
		{80CA1D73-0576-4744-B071-0EDDB07E3700}.Debug|Any CPU.ActiveCfg = Debug|Any CPU
		{80CA1D73-0576-4744-B071-0EDDB07E3700}.Debug|Any CPU.Build.0 = Debug|Any CPU
		{80CA1D73-0576-4744-B071-0EDDB07E3700}.Release|Any CPU.ActiveCfg = Release|Any CPU
		{80CA1D73-0576-4744-B071-0EDDB07E3700}.Release|Any CPU.Build.0 = Release|Any CPU
	EndGlobalSection
	GlobalSection(SolutionProperties) = preSolution
		HideSolutionNode = FALSE
	EndGlobalSection
	GlobalSection(ExtensibilityGlobals) = postSolution
		SolutionGuid = {C22FCA2A-88DF-49C2-9FDB-EE3B71F8FD05}
	EndGlobalSection
EndGlobal
